
Microsoft Visual Studio Solution File, Format Version 12.00
# Visual Studio 14
VisualStudioVersion = 14.0.24720.0
MinimumVisualStudioVersion = 10.0.40219.1
Project("{FAE04EC0-301F-11D3-BF4B-00C04F79EFBC}") = "LinkedListInt", "LinkedListInt\LinkedListInt.csproj", "{976DB488-5AD9-4E6B-90E9-5243556F0DFE}"
EndProject
Project("{FAE04EC0-301F-11D3-BF4B-00C04F79EFBC}") = "Numbers", "Numbers\Numbers.csproj", "{1AFA7825-5C43-478C-AA44-280E682D1A57}"
EndProject
Global
	GlobalSection(SolutionConfigurationPlatforms) = preSolution
		Debug|Any CPU = Debug|Any CPU
		Release|Any CPU = Release|Any CPU
	EndGlobalSection
	GlobalSection(ProjectConfigurationPlatforms) = postSolution
		{976DB488-5AD9-4E6B-90E9-5243556F0DFE}.Debug|Any CPU.ActiveCfg = Debug|Any CPU
		{976DB488-5AD9-4E6B-90E9-5243556F0DFE}.Debug|Any CPU.Build.0 = Debug|Any CPU
		{976DB488-5AD9-4E6B-90E9-5243556F0DFE}.Release|Any CPU.ActiveCfg = Release|Any CPU
		{976DB488-5AD9-4E6B-90E9-5243556F0DFE}.Release|Any CPU.Build.0 = Release|Any CPU
		{1AFA7825-5C43-478C-AA44-280E682D1A57}.Debug|Any CPU.ActiveCfg = Debug|Any CPU
		{1AFA7825-5C43-478C-AA44-280E682D1A57}.Debug|Any CPU.Build.0 = Debug|Any CPU
		{1AFA7825-5C43-478C-AA44-280E682D1A57}.Release|Any CPU.ActiveCfg = Release|Any CPU
		{1AFA7825-5C43-478C-AA44-280E682D1A57}.Release|Any CPU.Build.0 = Release|Any CPU
	EndGlobalSection
	GlobalSection(SolutionProperties) = preSolution
		HideSolutionNode = FALSE
	EndGlobalSection
EndGlobal
