
Microsoft Visual Studio Solution File, Format Version 12.00
# Visual Studio 14
VisualStudioVersion = 14.0.25123.0
MinimumVisualStudioVersion = 10.0.40219.1
Project("{FAE04EC0-301F-11D3-BF4B-00C04F79EFBC}") = "Example1", "Example1\Example1.csproj", "{AB4328A1-7007-4FC6-9142-42C89BD33DF0}"
EndProject
Project("{FAE04EC0-301F-11D3-BF4B-00C04F79EFBC}") = "Example2", "Example2\Example2.csproj", "{77B6BC0C-FE2B-4841-8A75-4E082470FE77}"
EndProject
Project("{FAE04EC0-301F-11D3-BF4B-00C04F79EFBC}") = "Example3", "Example3\Example3.csproj", "{56F12ED0-5530-43BA-A2B1-F93E4208507A}"
EndProject
Project("{FAE04EC0-301F-11D3-BF4B-00C04F79EFBC}") = "MyDLL", "MyDLL\MyDLL.csproj", "{466DA34B-5B25-4A47-A7AD-E2C6BE1EDA16}"
EndProject
Global
	GlobalSection(SolutionConfigurationPlatforms) = preSolution
		Debug|Any CPU = Debug|Any CPU
		Release|Any CPU = Release|Any CPU
	EndGlobalSection
	GlobalSection(ProjectConfigurationPlatforms) = postSolution
		{AB4328A1-7007-4FC6-9142-42C89BD33DF0}.Debug|Any CPU.ActiveCfg = Debug|Any CPU
		{AB4328A1-7007-4FC6-9142-42C89BD33DF0}.Debug|Any CPU.Build.0 = Debug|Any CPU
		{AB4328A1-7007-4FC6-9142-42C89BD33DF0}.Release|Any CPU.ActiveCfg = Release|Any CPU
		{AB4328A1-7007-4FC6-9142-42C89BD33DF0}.Release|Any CPU.Build.0 = Release|Any CPU
		{77B6BC0C-FE2B-4841-8A75-4E082470FE77}.Debug|Any CPU.ActiveCfg = Debug|Any CPU
		{77B6BC0C-FE2B-4841-8A75-4E082470FE77}.Debug|Any CPU.Build.0 = Debug|Any CPU
		{77B6BC0C-FE2B-4841-8A75-4E082470FE77}.Release|Any CPU.ActiveCfg = Release|Any CPU
		{77B6BC0C-FE2B-4841-8A75-4E082470FE77}.Release|Any CPU.Build.0 = Release|Any CPU
		{56F12ED0-5530-43BA-A2B1-F93E4208507A}.Debug|Any CPU.ActiveCfg = Debug|Any CPU
		{56F12ED0-5530-43BA-A2B1-F93E4208507A}.Debug|Any CPU.Build.0 = Debug|Any CPU
		{56F12ED0-5530-43BA-A2B1-F93E4208507A}.Release|Any CPU.ActiveCfg = Release|Any CPU
		{56F12ED0-5530-43BA-A2B1-F93E4208507A}.Release|Any CPU.Build.0 = Release|Any CPU
		{466DA34B-5B25-4A47-A7AD-E2C6BE1EDA16}.Debug|Any CPU.ActiveCfg = Debug|Any CPU
		{466DA34B-5B25-4A47-A7AD-E2C6BE1EDA16}.Debug|Any CPU.Build.0 = Debug|Any CPU
		{466DA34B-5B25-4A47-A7AD-E2C6BE1EDA16}.Release|Any CPU.ActiveCfg = Release|Any CPU
		{466DA34B-5B25-4A47-A7AD-E2C6BE1EDA16}.Release|Any CPU.Build.0 = Release|Any CPU
	EndGlobalSection
	GlobalSection(SolutionProperties) = preSolution
		HideSolutionNode = FALSE
	EndGlobalSection
EndGlobal
