
Microsoft Visual Studio Solution File, Format Version 12.00
# Visual Studio 14
VisualStudioVersion = 14.0.24720.0
MinimumVisualStudioVersion = 10.0.40219.1
Project("{FAE04EC0-301F-11D3-BF4B-00C04F79EFBC}") = "Stack", "Stack\Stack.csproj", "{D6BAE2CA-E5F2-4CE6-9DEB-80126D109617}"
EndProject
Project("{FAE04EC0-301F-11D3-BF4B-00C04F79EFBC}") = "LinkedListGeneric", "..\LinkedListGeneric\LinkedListGeneric\LinkedListGeneric.csproj", "{5FDE7136-BE00-48CF-AAA1-F5CC37D897C7}"
EndProject
Project("{FAE04EC0-301F-11D3-BF4B-00C04F79EFBC}") = "StackTests", "StackTests\StackTests.csproj", "{5B6B640F-E02A-4815-B361-7D9E9825DF8D}"
EndProject
Global
	GlobalSection(SolutionConfigurationPlatforms) = preSolution
		Debug|Any CPU = Debug|Any CPU
		Release|Any CPU = Release|Any CPU
	EndGlobalSection
	GlobalSection(ProjectConfigurationPlatforms) = postSolution
		{D6BAE2CA-E5F2-4CE6-9DEB-80126D109617}.Debug|Any CPU.ActiveCfg = Debug|Any CPU
		{D6BAE2CA-E5F2-4CE6-9DEB-80126D109617}.Debug|Any CPU.Build.0 = Debug|Any CPU
		{D6BAE2CA-E5F2-4CE6-9DEB-80126D109617}.Release|Any CPU.ActiveCfg = Release|Any CPU
		{D6BAE2CA-E5F2-4CE6-9DEB-80126D109617}.Release|Any CPU.Build.0 = Release|Any CPU
		{5FDE7136-BE00-48CF-AAA1-F5CC37D897C7}.Debug|Any CPU.ActiveCfg = Debug|Any CPU
		{5FDE7136-BE00-48CF-AAA1-F5CC37D897C7}.Debug|Any CPU.Build.0 = Debug|Any CPU
		{5FDE7136-BE00-48CF-AAA1-F5CC37D897C7}.Release|Any CPU.ActiveCfg = Release|Any CPU
		{5FDE7136-BE00-48CF-AAA1-F5CC37D897C7}.Release|Any CPU.Build.0 = Release|Any CPU
		{5B6B640F-E02A-4815-B361-7D9E9825DF8D}.Debug|Any CPU.ActiveCfg = Debug|Any CPU
		{5B6B640F-E02A-4815-B361-7D9E9825DF8D}.Debug|Any CPU.Build.0 = Debug|Any CPU
		{5B6B640F-E02A-4815-B361-7D9E9825DF8D}.Release|Any CPU.ActiveCfg = Release|Any CPU
		{5B6B640F-E02A-4815-B361-7D9E9825DF8D}.Release|Any CPU.Build.0 = Release|Any CPU
	EndGlobalSection
	GlobalSection(SolutionProperties) = preSolution
		HideSolutionNode = FALSE
	EndGlobalSection
EndGlobal
