
Microsoft Visual Studio Solution File, Format Version 12.00
# Visual Studio 14
VisualStudioVersion = 14.0.24720.0
MinimumVisualStudioVersion = 10.0.40219.1
Project("{FAE04EC0-301F-11D3-BF4B-00C04F79EFBC}") = "Queries", "Queries\Queries.csproj", "{B5CBF7A9-9134-4940-A5BE-1A4C50CBEADC}"
EndProject
Global
	GlobalSection(SolutionConfigurationPlatforms) = preSolution
		Debug|Any CPU = Debug|Any CPU
		Release|Any CPU = Release|Any CPU
	EndGlobalSection
	GlobalSection(ProjectConfigurationPlatforms) = postSolution
		{B5CBF7A9-9134-4940-A5BE-1A4C50CBEADC}.Debug|Any CPU.ActiveCfg = Debug|Any CPU
		{B5CBF7A9-9134-4940-A5BE-1A4C50CBEADC}.Debug|Any CPU.Build.0 = Debug|Any CPU
		{B5CBF7A9-9134-4940-A5BE-1A4C50CBEADC}.Release|Any CPU.ActiveCfg = Release|Any CPU
		{B5CBF7A9-9134-4940-A5BE-1A4C50CBEADC}.Release|Any CPU.Build.0 = Release|Any CPU
	EndGlobalSection
	GlobalSection(SolutionProperties) = preSolution
		HideSolutionNode = FALSE
	EndGlobalSection
EndGlobal
