
Microsoft Visual Studio Solution File, Format Version 12.00
# Visual Studio 14
VisualStudioVersion = 14.0.25420.1
MinimumVisualStudioVersion = 10.0.40219.1
Project("{FAE04EC0-301F-11D3-BF4B-00C04F79EFBC}") = "MyConcurrentQueue", "ConcurrentQueue\MyConcurrentQueue.csproj", "{BD26C2BF-A414-4AFD-94F8-3666DA579A27}"
EndProject
Project("{FAE04EC0-301F-11D3-BF4B-00C04F79EFBC}") = "MyConcurrentQueueTests", "MyConcurrentQueueTests\MyConcurrentQueueTests.csproj", "{B72FDAD2-8B0C-4439-8C7D-60192DF4B2DF}"
EndProject
Global
	GlobalSection(SolutionConfigurationPlatforms) = preSolution
		Debug|Any CPU = Debug|Any CPU
		Release|Any CPU = Release|Any CPU
	EndGlobalSection
	GlobalSection(ProjectConfigurationPlatforms) = postSolution
		{BD26C2BF-A414-4AFD-94F8-3666DA579A27}.Debug|Any CPU.ActiveCfg = Debug|Any CPU
		{BD26C2BF-A414-4AFD-94F8-3666DA579A27}.Debug|Any CPU.Build.0 = Debug|Any CPU
		{BD26C2BF-A414-4AFD-94F8-3666DA579A27}.Release|Any CPU.ActiveCfg = Release|Any CPU
		{BD26C2BF-A414-4AFD-94F8-3666DA579A27}.Release|Any CPU.Build.0 = Release|Any CPU
		{B72FDAD2-8B0C-4439-8C7D-60192DF4B2DF}.Debug|Any CPU.ActiveCfg = Debug|Any CPU
		{B72FDAD2-8B0C-4439-8C7D-60192DF4B2DF}.Debug|Any CPU.Build.0 = Debug|Any CPU
		{B72FDAD2-8B0C-4439-8C7D-60192DF4B2DF}.Release|Any CPU.ActiveCfg = Release|Any CPU
		{B72FDAD2-8B0C-4439-8C7D-60192DF4B2DF}.Release|Any CPU.Build.0 = Release|Any CPU
	EndGlobalSection
	GlobalSection(SolutionProperties) = preSolution
		HideSolutionNode = FALSE
	EndGlobalSection
EndGlobal
