
Microsoft Visual Studio Solution File, Format Version 12.00
# Visual Studio 14
VisualStudioVersion = 14.0.25420.1
MinimumVisualStudioVersion = 10.0.40219.1
Project("{FAE04EC0-301F-11D3-BF4B-00C04F79EFBC}") = "closures", "closures\closures.csproj", "{9452FA9B-30FC-4A63-BAB6-A46253076AC4}"
EndProject
Project("{FAE04EC0-301F-11D3-BF4B-00C04F79EFBC}") = "currying", "currying\currying.csproj", "{EA9DC8BC-521F-4AB3-98BF-EFFA961B6200}"
EndProject
Project("{FAE04EC0-301F-11D3-BF4B-00C04F79EFBC}") = "generators", "generators\generators.csproj", "{58AE2819-4720-4DEF-83C0-A114F5810424}"
EndProject
Project("{FAE04EC0-301F-11D3-BF4B-00C04F79EFBC}") = "memoization", "memoization\memoization.csproj", "{3C5E509F-F02A-40D7-957B-E90AE4897D5C}"
EndProject
Project("{FAE04EC0-301F-11D3-BF4B-00C04F79EFBC}") = "OutMethods", "OutMethods\OutMethods.csproj", "{A2CAEBDE-D779-47F0-81C6-1D8154BB241A}"
EndProject
Global
	GlobalSection(SolutionConfigurationPlatforms) = preSolution
		Debug|Any CPU = Debug|Any CPU
		Release|Any CPU = Release|Any CPU
	EndGlobalSection
	GlobalSection(ProjectConfigurationPlatforms) = postSolution
		{9452FA9B-30FC-4A63-BAB6-A46253076AC4}.Debug|Any CPU.ActiveCfg = Debug|Any CPU
		{9452FA9B-30FC-4A63-BAB6-A46253076AC4}.Debug|Any CPU.Build.0 = Debug|Any CPU
		{9452FA9B-30FC-4A63-BAB6-A46253076AC4}.Release|Any CPU.ActiveCfg = Release|Any CPU
		{9452FA9B-30FC-4A63-BAB6-A46253076AC4}.Release|Any CPU.Build.0 = Release|Any CPU
		{EA9DC8BC-521F-4AB3-98BF-EFFA961B6200}.Debug|Any CPU.ActiveCfg = Debug|Any CPU
		{EA9DC8BC-521F-4AB3-98BF-EFFA961B6200}.Debug|Any CPU.Build.0 = Debug|Any CPU
		{EA9DC8BC-521F-4AB3-98BF-EFFA961B6200}.Release|Any CPU.ActiveCfg = Release|Any CPU
		{EA9DC8BC-521F-4AB3-98BF-EFFA961B6200}.Release|Any CPU.Build.0 = Release|Any CPU
		{58AE2819-4720-4DEF-83C0-A114F5810424}.Debug|Any CPU.ActiveCfg = Debug|Any CPU
		{58AE2819-4720-4DEF-83C0-A114F5810424}.Debug|Any CPU.Build.0 = Debug|Any CPU
		{58AE2819-4720-4DEF-83C0-A114F5810424}.Release|Any CPU.ActiveCfg = Release|Any CPU
		{58AE2819-4720-4DEF-83C0-A114F5810424}.Release|Any CPU.Build.0 = Release|Any CPU
		{3C5E509F-F02A-40D7-957B-E90AE4897D5C}.Debug|Any CPU.ActiveCfg = Debug|Any CPU
		{3C5E509F-F02A-40D7-957B-E90AE4897D5C}.Debug|Any CPU.Build.0 = Debug|Any CPU
		{3C5E509F-F02A-40D7-957B-E90AE4897D5C}.Release|Any CPU.ActiveCfg = Release|Any CPU
		{3C5E509F-F02A-40D7-957B-E90AE4897D5C}.Release|Any CPU.Build.0 = Release|Any CPU
		{A2CAEBDE-D779-47F0-81C6-1D8154BB241A}.Debug|Any CPU.ActiveCfg = Debug|Any CPU
		{A2CAEBDE-D779-47F0-81C6-1D8154BB241A}.Debug|Any CPU.Build.0 = Debug|Any CPU
		{A2CAEBDE-D779-47F0-81C6-1D8154BB241A}.Release|Any CPU.ActiveCfg = Release|Any CPU
		{A2CAEBDE-D779-47F0-81C6-1D8154BB241A}.Release|Any CPU.Build.0 = Release|Any CPU
	EndGlobalSection
	GlobalSection(SolutionProperties) = preSolution
		HideSolutionNode = FALSE
	EndGlobalSection
EndGlobal
